
Microsoft Visual Studio Solution File, Format Version 12.00
# Visual Studio Version 17
VisualStudioVersion = 17.10.34928.147
MinimumVisualStudioVersion = 10.0.40219.1
Project("{FAE04EC0-301F-11D3-BF4B-00C04F79EFBC}") = "NoitaSaveManager", "NoitaSaveManager\NoitaSaveManager.csproj", "{DC268BB9-3670-4002-90C9-5EF679BDE9FD}"
EndProject
Global
	GlobalSection(SolutionConfigurationPlatforms) = preSolution
		Debug|Any CPU = Debug|Any CPU
		Release|Any CPU = Release|Any CPU
	EndGlobalSection
	GlobalSection(ProjectConfigurationPlatforms) = postSolution
		{DC268BB9-3670-4002-90C9-5EF679BDE9FD}.Debug|Any CPU.ActiveCfg = Debug|Any CPU
		{DC268BB9-3670-4002-90C9-5EF679BDE9FD}.Debug|Any CPU.Build.0 = Debug|Any CPU
		{DC268BB9-3670-4002-90C9-5EF679BDE9FD}.Release|Any CPU.ActiveCfg = Release|Any CPU
		{DC268BB9-3670-4002-90C9-5EF679BDE9FD}.Release|Any CPU.Build.0 = Release|Any CPU
	EndGlobalSection
	GlobalSection(SolutionProperties) = preSolution
		HideSolutionNode = FALSE
	EndGlobalSection
	GlobalSection(ExtensibilityGlobals) = postSolution
		SolutionGuid = {3E19D25E-47D0-4247-B073-4CEF67F4B888}
	EndGlobalSection
EndGlobal
